
Microsoft Visual Studio Solution File, Format Version 12.00
# Visual Studio Version 17
VisualStudioVersion = 17.12.35707.178 d17.12
MinimumVisualStudioVersion = 10.0.40219.1
Project("{FAE04EC0-301F-11D3-BF4B-00C04F79EFBC}") = "Luxoria.Algorithm.BrisqueScore", "Luxoria.Algorithm.BrisqueScore\Luxoria.Algorithm.BrisqueScore.csproj", "{F72012A6-2948-4036-BBE3-20C0C9774A50}"
EndProject
Global
	GlobalSection(SolutionConfigurationPlatforms) = preSolution
		Debug|Any CPU = Debug|Any CPU
		Release|Any CPU = Release|Any CPU
	EndGlobalSection
	GlobalSection(ProjectConfigurationPlatforms) = postSolution
		{F72012A6-2948-4036-BBE3-20C0C9774A50}.Debug|Any CPU.ActiveCfg = Debug|Any CPU
		{F72012A6-2948-4036-BBE3-20C0C9774A50}.Debug|Any CPU.Build.0 = Debug|Any CPU
		{F72012A6-2948-4036-BBE3-20C0C9774A50}.Release|Any CPU.ActiveCfg = Release|Any CPU
		{F72012A6-2948-4036-BBE3-20C0C9774A50}.Release|Any CPU.Build.0 = Release|Any CPU
	EndGlobalSection
	GlobalSection(SolutionProperties) = preSolution
		HideSolutionNode = FALSE
	EndGlobalSection
EndGlobal
